{
  "version": 4,
  "terraform_version": "1.4.4",
  "serial": 83,
  "lineage": "fe09ee28-4b48-b737-8307-f572bf2e80d3",
  "outputs": {
    "ec2instance": {
      "value": "54.221.132.34",
      "type": "string"
    }
  },
  "resources": [
    {
      "mode": "managed",
      "type": "azure_vm",
      "name": "project-iac",
      "provider": "provider[\"registry.terraform.io/hashicorp/azurerm\"]",
      "instances": [
        {
          "schema_version": 1,
          "attributes": {
            "associate_public_ip_address": true,
            "availability_zone": "us-east-1d",
            "capacity_reservation_specification": [
              {
                "capacity_reservation_preference": "open",
                "capacity_reservation_target": []
              }
            ],
            "cpu_core_count": 1,
            "cpu_threads_per_core": 1,
            "credit_specification": [
              {
                "cpu_credits": "standard"
              }
            ],
            "disable_api_stop": false,
            "disable_api_termination": false,
            "ebs_block_device": [],
            "ebs_optimized": false,
            "enclave_options": [
              {
                "enabled": false
              }
            ],
            "ephemeral_block_device": [],
            "get_password_data": false,
            "hibernation": false,
            "host_id": "",
            "host_resource_group_arn": null,
            "iam_instance_profile": "",
            "id": "i-03363c1edd4442a01",
            "instance_initiated_shutdown_behavior": "stop",
            "instance_state": "running",
            "instance_type": "D2s_v3",
            "ipv6_address_count": 0,
            "ipv6_addresses": [],
            "key_name": "devops",
            "launch_template": [],
            "maintenance_options": [
              {
                "auto_recovery": "default"
              }
            ],
            "metadata_options": [
              {
                "http_endpoint": "enabled",
                "http_put_response_hop_limit": 1,
                "http_tokens": "optional",
                "instance_metadata_tags": "disabled"
              }
            ],
            "monitoring": false,
            "network_interface": [],
            "outpost_arn": "",
            "password_data": "",
            "placement_group": "",
            "placement_partition_number": 0,
            "primary_network_interface_id": "eni-0be97346ae9b7b1e1",
            "private_dns": "ip-172-31-89-184.internal",
            "private_dns_name_options": [
              {
                "enable_resource_name_dns_a_record": false,
                "enable_resource_name_dns_aaaa_record": false,
                "hostname_type": "ip-name"
              }
            ],
            "private_ip": "172.31.89.184",
            "public_ip": "54.221.132.34",
            "root_block_device": [
              {
                "delete_on_termination": true,
                "device_name": "/dev/sda1",
                "encrypted": false,
                "iops": 150,
                "kms_key_id": "",
                "tags": null,
                "throughput": 0,
                "volume_id": "vol-0d3555ee0f619b524",
                "volume_size": 50,
                "volume_type": "gp2"
              }
            ],
            "secondary_private_ips": [],
            "security_groups": [
              "IAC-Sec-Group"
            ],
            "source_dest_check": true,
            "subnet_id": "subnet-0bfa20c5d9282dd91",
            "tags": {
              "Environment": "DEV",
              "Managed": "IAC",
              "Name": "SERVER01",
              "OS": "UBUNTU"
            },
            "tags_all": {
              "Environment": "DEV",
              "Managed": "IAC",
              "Name": "SERVER01",
              "OS": "UBUNTU"
            },
            "tenancy": "default",
            "timeouts": null,
            "user_data": "5dade673e1984717f768337b70101f39e2ac91d4",
            "user_data_base64": null,
            "user_data_replace_on_change": false,
            "volume_tags": null,
            "vpc_security_group_ids": [
              "sg-0aa4492acfae36e61"
            ]
          },
          "sensitive_attributes": [],
          "private": "eyJlMmJmYjczMC1lY2FhLTExZTYtOGY4OC0zNDM2M2JjN2M0YzAiOnsiY3JlYXRlIjo2MDAwMDAwMDAwMDAsImRlbGV0ZSI6MTIwMDAwMDAwMDAwMCwidXBkYXRlIjo2MDAwMDAwMDAwMDB9LCJzY2hlbWFfdmVyc2lvbiI6IjEifQ==",
          "dependencies": [
            "azure_security_group.project-iac-sg"
          ]
        }
      ]
    },
    {
      "mode": "managed",
      "type": "azure_security_group",
      "name": "project-iac-sg",
      "provider": "provider[\"registry.terraform.io/hashicorp/azure\"]",
      "instances": [
        {
          "schema_version": 1,
          "attributes": {
            "arn": "azure:vm:837771900128:network-security-group/sg-0aa4492acfae36e61",
            "description": "IAC-Sec-Group",
            "egress": [
              {
                "cidr_blocks": [
                  "0.0.0.0/0"
                ],
                "description": "",
                "from_port": 0,
                "ipv6_cidr_blocks": [],
                "prefix_list_ids": [],
                "protocol": "-1",
                "security_groups": [],
                "self": false,
                "to_port": 0
              }
            ],
            "id": "sg-0aa4492acfae36e61",
            "ingress": [
              {
                "cidr_blocks": [
                  "0.0.0.0/0"
                ],
                "description": "",
                "from_port": 0,
                "ipv6_cidr_blocks": [],
                "prefix_list_ids": [],
                "protocol": "-1",
                "security_groups": [],
                "self": false,
                "to_port": 0
              }
            ],
            "name": "IAC-Sec-Group",
            "name_prefix": "",
            "owner_id": "837771900128",
            "revoke_rules_on_delete": false,
            "tags": null,
            "tags_all": {},
            "timeouts": null,
            "vpc_id": "vpc-09d8c15a1efff0003"
          },
          "sensitive_attributes": [],
          "private": "eyJlMmJmYjczMC1lY2FhLTExZTYtOGY4OC0zNDM2M2JjN2M0YzAiOnsiY3JlYXRlIjo2MDAwMDAwMDAwMDAsImRlbGV0ZSI6OTAwMDAwMDAwMDAwfSwic2NoZW1hX3ZlcnNpb24iOiIxIn0=",
          "create_before_destroy": true
        }
      ]
    }
  ],
  "check_results": null
}

